
Microsoft Visual Studio Solution File, Format Version 12.00
# Visual Studio Version 17
VisualStudioVersion = 17.9.34728.123
MinimumVisualStudioVersion = 10.0.40219.1
Project("{9A19103F-16F7-4668-BE54-9A1E7A4F7556}") = "WebDriverCore", "WebDriver\WebDriverCore.csproj", "{6AF7C978-44D8-4AFF-9BEF-75873F76BAFB}"
EndProject
Project("{9A19103F-16F7-4668-BE54-9A1E7A4F7556}") = "WebDriverTests", "WebDriverTests\WebDriverTests.csproj", "{35688340-314C-43D1-976B-6F7CB3F0E230}"
EndProject
Project("{9A19103F-16F7-4668-BE54-9A1E7A4F7556}") = "BDD", "BDD\BDD.csproj", "{4E504197-8C25-417E-93AF-48394BDE8447}"
EndProject
Project("{2150E333-8FDC-42A3-9474-1A3956D46DE8}") = ".github", ".github", "{352B6BBC-19D9-4F4F-987D-E562AE406078}"
EndProject
Project("{2150E333-8FDC-42A3-9474-1A3956D46DE8}") = "workflows", "workflows", "{B70FF58E-9B6B-4991-B160-23406AB7D921}"
	ProjectSection(SolutionItems) = preProject
		ci-cd.yml = ci-cd.yml
	EndProjectSection
EndProject
Project("{9A19103F-16F7-4668-BE54-9A1E7A4F7556}") = "WebDriverAPI", "WebDriverAPI\WebDriverAPI.csproj", "{4D81693F-1DCB-49D3-9741-D8A60899D0C1}"
EndProject
Global
	GlobalSection(SolutionConfigurationPlatforms) = preSolution
		Debug|Any CPU = Debug|Any CPU
		Release|Any CPU = Release|Any CPU
	EndGlobalSection
	GlobalSection(ProjectConfigurationPlatforms) = postSolution
		{6AF7C978-44D8-4AFF-9BEF-75873F76BAFB}.Debug|Any CPU.ActiveCfg = Debug|Any CPU
		{6AF7C978-44D8-4AFF-9BEF-75873F76BAFB}.Debug|Any CPU.Build.0 = Debug|Any CPU
		{6AF7C978-44D8-4AFF-9BEF-75873F76BAFB}.Release|Any CPU.ActiveCfg = Release|Any CPU
		{6AF7C978-44D8-4AFF-9BEF-75873F76BAFB}.Release|Any CPU.Build.0 = Release|Any CPU
		{35688340-314C-43D1-976B-6F7CB3F0E230}.Debug|Any CPU.ActiveCfg = Debug|Any CPU
		{35688340-314C-43D1-976B-6F7CB3F0E230}.Debug|Any CPU.Build.0 = Debug|Any CPU
		{35688340-314C-43D1-976B-6F7CB3F0E230}.Release|Any CPU.ActiveCfg = Release|Any CPU
		{35688340-314C-43D1-976B-6F7CB3F0E230}.Release|Any CPU.Build.0 = Release|Any CPU
		{4E504197-8C25-417E-93AF-48394BDE8447}.Debug|Any CPU.ActiveCfg = Debug|Any CPU
		{4E504197-8C25-417E-93AF-48394BDE8447}.Debug|Any CPU.Build.0 = Debug|Any CPU
		{4E504197-8C25-417E-93AF-48394BDE8447}.Release|Any CPU.ActiveCfg = Release|Any CPU
		{4E504197-8C25-417E-93AF-48394BDE8447}.Release|Any CPU.Build.0 = Release|Any CPU
		{4D81693F-1DCB-49D3-9741-D8A60899D0C1}.Debug|Any CPU.ActiveCfg = Debug|Any CPU
		{4D81693F-1DCB-49D3-9741-D8A60899D0C1}.Debug|Any CPU.Build.0 = Debug|Any CPU
		{4D81693F-1DCB-49D3-9741-D8A60899D0C1}.Release|Any CPU.ActiveCfg = Release|Any CPU
		{4D81693F-1DCB-49D3-9741-D8A60899D0C1}.Release|Any CPU.Build.0 = Release|Any CPU
	EndGlobalSection
	GlobalSection(SolutionProperties) = preSolution
		HideSolutionNode = FALSE
	EndGlobalSection
	GlobalSection(NestedProjects) = preSolution
		{B70FF58E-9B6B-4991-B160-23406AB7D921} = {352B6BBC-19D9-4F4F-987D-E562AE406078}
	EndGlobalSection
	GlobalSection(ExtensibilityGlobals) = postSolution
		SolutionGuid = {5542CC17-2CD8-4C80-B115-19D6E918DCF1}
	EndGlobalSection
EndGlobal
